
Microsoft Visual Studio Solution File, Format Version 12.00
# Visual Studio Version 17
VisualStudioVersion = 17.4.33110.190
MinimumVisualStudioVersion = 10.0.40219.1
Project("{FAE04EC0-301F-11D3-BF4B-00C04F79EFBC}") = "Hesap Mak v3.0", "Hesap Mak v3.0\Hesap Mak v3.0.csproj", "{294D540E-806A-40F5-9976-3777F7400DAB}"
EndProject
Global
	GlobalSection(SolutionConfigurationPlatforms) = preSolution
		Debug|Any CPU = Debug|Any CPU
		Release|Any CPU = Release|Any CPU
	EndGlobalSection
	GlobalSection(ProjectConfigurationPlatforms) = postSolution
		{294D540E-806A-40F5-9976-3777F7400DAB}.Debug|Any CPU.ActiveCfg = Debug|Any CPU
		{294D540E-806A-40F5-9976-3777F7400DAB}.Debug|Any CPU.Build.0 = Debug|Any CPU
		{294D540E-806A-40F5-9976-3777F7400DAB}.Release|Any CPU.ActiveCfg = Release|Any CPU
		{294D540E-806A-40F5-9976-3777F7400DAB}.Release|Any CPU.Build.0 = Release|Any CPU
	EndGlobalSection
	GlobalSection(SolutionProperties) = preSolution
		HideSolutionNode = FALSE
	EndGlobalSection
	GlobalSection(ExtensibilityGlobals) = postSolution
		SolutionGuid = {4A1B2EA4-6B9E-4261-88E0-3075AF175BAC}
	EndGlobalSection
EndGlobal
